
Microsoft Visual Studio Solution File, Format Version 12.00
# Visual Studio Version 17
VisualStudioVersion = 17.6.33829.357
MinimumVisualStudioVersion = 10.0.40219.1
Project("{9A19103F-16F7-4668-BE54-9A1E7A4F7556}") = "EncryptString", "EncryptString\EncryptString.csproj", "{BB57BC60-DC87-4AD6-B96E-CBF474682085}"
EndProject
Project("{9A19103F-16F7-4668-BE54-9A1E7A4F7556}") = "RegexChecking", "RegexChecking\RegexChecking.csproj", "{113DC5BE-C6BC-453B-9B2F-8BCB56D9B209}"
EndProject
Project("{9A19103F-16F7-4668-BE54-9A1E7A4F7556}") = "EnviromentVariables", "EnviromentVariables\EnviromentVariables.csproj", "{6A534D32-F733-4F15-A0EC-FBBE57F411A6}"
EndProject
Project("{9A19103F-16F7-4668-BE54-9A1E7A4F7556}") = "RenameTool", "RenameTool\RenameTool.csproj", "{868B7F5B-6A70-49A8-B7EE-69DE732AC7A9}"
EndProject
Global
	GlobalSection(SolutionConfigurationPlatforms) = preSolution
		Debug|Any CPU = Debug|Any CPU
		Debug|ARM64 = Debug|ARM64
		Debug|x64 = Debug|x64
		Debug|x86 = Debug|x86
		Release|Any CPU = Release|Any CPU
		Release|ARM64 = Release|ARM64
		Release|x64 = Release|x64
		Release|x86 = Release|x86
	EndGlobalSection
	GlobalSection(ProjectConfigurationPlatforms) = postSolution
		{BB57BC60-DC87-4AD6-B96E-CBF474682085}.Debug|Any CPU.ActiveCfg = Debug|Any CPU
		{BB57BC60-DC87-4AD6-B96E-CBF474682085}.Debug|Any CPU.Build.0 = Debug|Any CPU
		{BB57BC60-DC87-4AD6-B96E-CBF474682085}.Debug|ARM64.ActiveCfg = Debug|Any CPU
		{BB57BC60-DC87-4AD6-B96E-CBF474682085}.Debug|ARM64.Build.0 = Debug|Any CPU
		{BB57BC60-DC87-4AD6-B96E-CBF474682085}.Debug|x64.ActiveCfg = Debug|Any CPU
		{BB57BC60-DC87-4AD6-B96E-CBF474682085}.Debug|x64.Build.0 = Debug|Any CPU
		{BB57BC60-DC87-4AD6-B96E-CBF474682085}.Debug|x86.ActiveCfg = Debug|Any CPU
		{BB57BC60-DC87-4AD6-B96E-CBF474682085}.Debug|x86.Build.0 = Debug|Any CPU
		{BB57BC60-DC87-4AD6-B96E-CBF474682085}.Release|Any CPU.ActiveCfg = Release|Any CPU
		{BB57BC60-DC87-4AD6-B96E-CBF474682085}.Release|Any CPU.Build.0 = Release|Any CPU
		{BB57BC60-DC87-4AD6-B96E-CBF474682085}.Release|ARM64.ActiveCfg = Release|Any CPU
		{BB57BC60-DC87-4AD6-B96E-CBF474682085}.Release|ARM64.Build.0 = Release|Any CPU
		{BB57BC60-DC87-4AD6-B96E-CBF474682085}.Release|x64.ActiveCfg = Release|Any CPU
		{BB57BC60-DC87-4AD6-B96E-CBF474682085}.Release|x64.Build.0 = Release|Any CPU
		{BB57BC60-DC87-4AD6-B96E-CBF474682085}.Release|x86.ActiveCfg = Release|Any CPU
		{BB57BC60-DC87-4AD6-B96E-CBF474682085}.Release|x86.Build.0 = Release|Any CPU
		{113DC5BE-C6BC-453B-9B2F-8BCB56D9B209}.Debug|Any CPU.ActiveCfg = Debug|Any CPU
		{113DC5BE-C6BC-453B-9B2F-8BCB56D9B209}.Debug|Any CPU.Build.0 = Debug|Any CPU
		{113DC5BE-C6BC-453B-9B2F-8BCB56D9B209}.Debug|ARM64.ActiveCfg = Debug|Any CPU
		{113DC5BE-C6BC-453B-9B2F-8BCB56D9B209}.Debug|ARM64.Build.0 = Debug|Any CPU
		{113DC5BE-C6BC-453B-9B2F-8BCB56D9B209}.Debug|x64.ActiveCfg = Debug|Any CPU
		{113DC5BE-C6BC-453B-9B2F-8BCB56D9B209}.Debug|x64.Build.0 = Debug|Any CPU
		{113DC5BE-C6BC-453B-9B2F-8BCB56D9B209}.Debug|x86.ActiveCfg = Debug|Any CPU
		{113DC5BE-C6BC-453B-9B2F-8BCB56D9B209}.Debug|x86.Build.0 = Debug|Any CPU
		{113DC5BE-C6BC-453B-9B2F-8BCB56D9B209}.Release|Any CPU.ActiveCfg = Release|Any CPU
		{113DC5BE-C6BC-453B-9B2F-8BCB56D9B209}.Release|Any CPU.Build.0 = Release|Any CPU
		{113DC5BE-C6BC-453B-9B2F-8BCB56D9B209}.Release|ARM64.ActiveCfg = Release|Any CPU
		{113DC5BE-C6BC-453B-9B2F-8BCB56D9B209}.Release|ARM64.Build.0 = Release|Any CPU
		{113DC5BE-C6BC-453B-9B2F-8BCB56D9B209}.Release|x64.ActiveCfg = Release|Any CPU
		{113DC5BE-C6BC-453B-9B2F-8BCB56D9B209}.Release|x64.Build.0 = Release|Any CPU
		{113DC5BE-C6BC-453B-9B2F-8BCB56D9B209}.Release|x86.ActiveCfg = Release|Any CPU
		{113DC5BE-C6BC-453B-9B2F-8BCB56D9B209}.Release|x86.Build.0 = Release|Any CPU
		{6A534D32-F733-4F15-A0EC-FBBE57F411A6}.Debug|Any CPU.ActiveCfg = Debug|Any CPU
		{6A534D32-F733-4F15-A0EC-FBBE57F411A6}.Debug|Any CPU.Build.0 = Debug|Any CPU
		{6A534D32-F733-4F15-A0EC-FBBE57F411A6}.Debug|ARM64.ActiveCfg = Debug|Any CPU
		{6A534D32-F733-4F15-A0EC-FBBE57F411A6}.Debug|ARM64.Build.0 = Debug|Any CPU
		{6A534D32-F733-4F15-A0EC-FBBE57F411A6}.Debug|x64.ActiveCfg = Debug|Any CPU
		{6A534D32-F733-4F15-A0EC-FBBE57F411A6}.Debug|x64.Build.0 = Debug|Any CPU
		{6A534D32-F733-4F15-A0EC-FBBE57F411A6}.Debug|x86.ActiveCfg = Debug|Any CPU
		{6A534D32-F733-4F15-A0EC-FBBE57F411A6}.Debug|x86.Build.0 = Debug|Any CPU
		{6A534D32-F733-4F15-A0EC-FBBE57F411A6}.Release|Any CPU.ActiveCfg = Release|Any CPU
		{6A534D32-F733-4F15-A0EC-FBBE57F411A6}.Release|Any CPU.Build.0 = Release|Any CPU
		{6A534D32-F733-4F15-A0EC-FBBE57F411A6}.Release|ARM64.ActiveCfg = Release|Any CPU
		{6A534D32-F733-4F15-A0EC-FBBE57F411A6}.Release|ARM64.Build.0 = Release|Any CPU
		{6A534D32-F733-4F15-A0EC-FBBE57F411A6}.Release|x64.ActiveCfg = Release|Any CPU
		{6A534D32-F733-4F15-A0EC-FBBE57F411A6}.Release|x64.Build.0 = Release|Any CPU
		{6A534D32-F733-4F15-A0EC-FBBE57F411A6}.Release|x86.ActiveCfg = Release|Any CPU
		{6A534D32-F733-4F15-A0EC-FBBE57F411A6}.Release|x86.Build.0 = Release|Any CPU
		{868B7F5B-6A70-49A8-B7EE-69DE732AC7A9}.Debug|Any CPU.ActiveCfg = Debug|Any CPU
		{868B7F5B-6A70-49A8-B7EE-69DE732AC7A9}.Debug|Any CPU.Build.0 = Debug|Any CPU
		{868B7F5B-6A70-49A8-B7EE-69DE732AC7A9}.Debug|ARM64.ActiveCfg = Debug|Any CPU
		{868B7F5B-6A70-49A8-B7EE-69DE732AC7A9}.Debug|ARM64.Build.0 = Debug|Any CPU
		{868B7F5B-6A70-49A8-B7EE-69DE732AC7A9}.Debug|x64.ActiveCfg = Debug|Any CPU
		{868B7F5B-6A70-49A8-B7EE-69DE732AC7A9}.Debug|x64.Build.0 = Debug|Any CPU
		{868B7F5B-6A70-49A8-B7EE-69DE732AC7A9}.Debug|x86.ActiveCfg = Debug|Any CPU
		{868B7F5B-6A70-49A8-B7EE-69DE732AC7A9}.Debug|x86.Build.0 = Debug|Any CPU
		{868B7F5B-6A70-49A8-B7EE-69DE732AC7A9}.Release|Any CPU.ActiveCfg = Release|Any CPU
		{868B7F5B-6A70-49A8-B7EE-69DE732AC7A9}.Release|Any CPU.Build.0 = Release|Any CPU
		{868B7F5B-6A70-49A8-B7EE-69DE732AC7A9}.Release|ARM64.ActiveCfg = Release|Any CPU
		{868B7F5B-6A70-49A8-B7EE-69DE732AC7A9}.Release|ARM64.Build.0 = Release|Any CPU
		{868B7F5B-6A70-49A8-B7EE-69DE732AC7A9}.Release|x64.ActiveCfg = Release|Any CPU
		{868B7F5B-6A70-49A8-B7EE-69DE732AC7A9}.Release|x64.Build.0 = Release|Any CPU
		{868B7F5B-6A70-49A8-B7EE-69DE732AC7A9}.Release|x86.ActiveCfg = Release|Any CPU
		{868B7F5B-6A70-49A8-B7EE-69DE732AC7A9}.Release|x86.Build.0 = Release|Any CPU
	EndGlobalSection
	GlobalSection(SolutionProperties) = preSolution
		HideSolutionNode = FALSE
	EndGlobalSection
	GlobalSection(ExtensibilityGlobals) = postSolution
		SolutionGuid = {EC7E42B1-97DC-47C0-85C6-875CB706BD56}
	EndGlobalSection
EndGlobal
